
Microsoft Visual Studio Solution File, Format Version 12.00
# Visual Studio Version 16
VisualStudioVersion = 16.0.30320.27
MinimumVisualStudioVersion = 10.0.40219.1
Project("{FAE04EC0-301F-11D3-BF4B-00C04F79EFBC}") = "XamarinEntityFramework", "XamarinEntityFramework\XamarinEntityFramework\XamarinEntityFramework.csproj", "{B1A8C856-6B9F-411E-8C19-A5A273914805}"
EndProject
Project("{FAE04EC0-301F-11D3-BF4B-00C04F79EFBC}") = "XamarinEntityFramework.Android", "XamarinEntityFramework\XamarinEntityFramework.Android\XamarinEntityFramework.Android.csproj", "{2AF97774-6E7C-4D9F-8902-2085FB09EFD9}"
EndProject
Project("{FAE04EC0-301F-11D3-BF4B-00C04F79EFBC}") = "XamarinEntityFramework.iOS", "XamarinEntityFramework\XamarinEntityFramework.iOS\XamarinEntityFramework.iOS.csproj", "{F197BE13-DFE2-44EF-98B3-1244295CE6AE}"
EndProject
Project("{FAE04EC0-301F-11D3-BF4B-00C04F79EFBC}") = "XamarinEntityFramework.UWP", "XamarinEntityFramework\XamarinEntityFramework.UWP\XamarinEntityFramework.UWP.csproj", "{D8DCE152-53D3-4EEF-86FF-72E4A48A4012}"
EndProject
Global
	GlobalSection(SolutionConfigurationPlatforms) = preSolution
		Ad-Hoc|Any CPU = Ad-Hoc|Any CPU
		Ad-Hoc|ARM = Ad-Hoc|ARM
		Ad-Hoc|iPhone = Ad-Hoc|iPhone
		Ad-Hoc|iPhoneSimulator = Ad-Hoc|iPhoneSimulator
		Ad-Hoc|x64 = Ad-Hoc|x64
		Ad-Hoc|x86 = Ad-Hoc|x86
		AppStore|Any CPU = AppStore|Any CPU
		AppStore|ARM = AppStore|ARM
		AppStore|iPhone = AppStore|iPhone
		AppStore|iPhoneSimulator = AppStore|iPhoneSimulator
		AppStore|x64 = AppStore|x64
		AppStore|x86 = AppStore|x86
		Debug|Any CPU = Debug|Any CPU
		Debug|ARM = Debug|ARM
		Debug|iPhone = Debug|iPhone
		Debug|iPhoneSimulator = Debug|iPhoneSimulator
		Debug|x64 = Debug|x64
		Debug|x86 = Debug|x86
		Release|Any CPU = Release|Any CPU
		Release|ARM = Release|ARM
		Release|iPhone = Release|iPhone
		Release|iPhoneSimulator = Release|iPhoneSimulator
		Release|x64 = Release|x64
		Release|x86 = Release|x86
	EndGlobalSection
	GlobalSection(ProjectConfigurationPlatforms) = postSolution
		{B1A8C856-6B9F-411E-8C19-A5A273914805}.Ad-Hoc|Any CPU.ActiveCfg = Debug|Any CPU
		{B1A8C856-6B9F-411E-8C19-A5A273914805}.Ad-Hoc|Any CPU.Build.0 = Debug|Any CPU
		{B1A8C856-6B9F-411E-8C19-A5A273914805}.Ad-Hoc|ARM.ActiveCfg = Debug|Any CPU
		{B1A8C856-6B9F-411E-8C19-A5A273914805}.Ad-Hoc|ARM.Build.0 = Debug|Any CPU
		{B1A8C856-6B9F-411E-8C19-A5A273914805}.Ad-Hoc|iPhone.ActiveCfg = Debug|Any CPU
		{B1A8C856-6B9F-411E-8C19-A5A273914805}.Ad-Hoc|iPhone.Build.0 = Debug|Any CPU
		{B1A8C856-6B9F-411E-8C19-A5A273914805}.Ad-Hoc|iPhoneSimulator.ActiveCfg = Debug|Any CPU
		{B1A8C856-6B9F-411E-8C19-A5A273914805}.Ad-Hoc|iPhoneSimulator.Build.0 = Debug|Any CPU
		{B1A8C856-6B9F-411E-8C19-A5A273914805}.Ad-Hoc|x64.ActiveCfg = Debug|Any CPU
		{B1A8C856-6B9F-411E-8C19-A5A273914805}.Ad-Hoc|x64.Build.0 = Debug|Any CPU
		{B1A8C856-6B9F-411E-8C19-A5A273914805}.Ad-Hoc|x86.ActiveCfg = Debug|Any CPU
		{B1A8C856-6B9F-411E-8C19-A5A273914805}.Ad-Hoc|x86.Build.0 = Debug|Any CPU
		{B1A8C856-6B9F-411E-8C19-A5A273914805}.AppStore|Any CPU.ActiveCfg = Debug|Any CPU
		{B1A8C856-6B9F-411E-8C19-A5A273914805}.AppStore|Any CPU.Build.0 = Debug|Any CPU
		{B1A8C856-6B9F-411E-8C19-A5A273914805}.AppStore|ARM.ActiveCfg = Debug|Any CPU
		{B1A8C856-6B9F-411E-8C19-A5A273914805}.AppStore|ARM.Build.0 = Debug|Any CPU
		{B1A8C856-6B9F-411E-8C19-A5A273914805}.AppStore|iPhone.ActiveCfg = Debug|Any CPU
		{B1A8C856-6B9F-411E-8C19-A5A273914805}.AppStore|iPhone.Build.0 = Debug|Any CPU
		{B1A8C856-6B9F-411E-8C19-A5A273914805}.AppStore|iPhoneSimulator.ActiveCfg = Debug|Any CPU
		{B1A8C856-6B9F-411E-8C19-A5A273914805}.AppStore|iPhoneSimulator.Build.0 = Debug|Any CPU
		{B1A8C856-6B9F-411E-8C19-A5A273914805}.AppStore|x64.ActiveCfg = Debug|Any CPU
		{B1A8C856-6B9F-411E-8C19-A5A273914805}.AppStore|x64.Build.0 = Debug|Any CPU
		{B1A8C856-6B9F-411E-8C19-A5A273914805}.AppStore|x86.ActiveCfg = Debug|Any CPU
		{B1A8C856-6B9F-411E-8C19-A5A273914805}.AppStore|x86.Build.0 = Debug|Any CPU
		{B1A8C856-6B9F-411E-8C19-A5A273914805}.Debug|Any CPU.ActiveCfg = Debug|Any CPU
		{B1A8C856-6B9F-411E-8C19-A5A273914805}.Debug|Any CPU.Build.0 = Debug|Any CPU
		{B1A8C856-6B9F-411E-8C19-A5A273914805}.Debug|ARM.ActiveCfg = Debug|Any CPU
		{B1A8C856-6B9F-411E-8C19-A5A273914805}.Debug|ARM.Build.0 = Debug|Any CPU
		{B1A8C856-6B9F-411E-8C19-A5A273914805}.Debug|iPhone.ActiveCfg = Debug|Any CPU
		{B1A8C856-6B9F-411E-8C19-A5A273914805}.Debug|iPhone.Build.0 = Debug|Any CPU
		{B1A8C856-6B9F-411E-8C19-A5A273914805}.Debug|iPhoneSimulator.ActiveCfg = Debug|Any CPU
		{B1A8C856-6B9F-411E-8C19-A5A273914805}.Debug|iPhoneSimulator.Build.0 = Debug|Any CPU
		{B1A8C856-6B9F-411E-8C19-A5A273914805}.Debug|x64.ActiveCfg = Debug|Any CPU
		{B1A8C856-6B9F-411E-8C19-A5A273914805}.Debug|x64.Build.0 = Debug|Any CPU
		{B1A8C856-6B9F-411E-8C19-A5A273914805}.Debug|x86.ActiveCfg = Debug|Any CPU
		{B1A8C856-6B9F-411E-8C19-A5A273914805}.Debug|x86.Build.0 = Debug|Any CPU
		{B1A8C856-6B9F-411E-8C19-A5A273914805}.Release|Any CPU.ActiveCfg = Release|Any CPU
		{B1A8C856-6B9F-411E-8C19-A5A273914805}.Release|Any CPU.Build.0 = Release|Any CPU
		{B1A8C856-6B9F-411E-8C19-A5A273914805}.Release|ARM.ActiveCfg = Release|Any CPU
		{B1A8C856-6B9F-411E-8C19-A5A273914805}.Release|ARM.Build.0 = Release|Any CPU
		{B1A8C856-6B9F-411E-8C19-A5A273914805}.Release|iPhone.ActiveCfg = Release|Any CPU
		{B1A8C856-6B9F-411E-8C19-A5A273914805}.Release|iPhone.Build.0 = Release|Any CPU
		{B1A8C856-6B9F-411E-8C19-A5A273914805}.Release|iPhoneSimulator.ActiveCfg = Release|Any CPU
		{B1A8C856-6B9F-411E-8C19-A5A273914805}.Release|iPhoneSimulator.Build.0 = Release|Any CPU
		{B1A8C856-6B9F-411E-8C19-A5A273914805}.Release|x64.ActiveCfg = Release|Any CPU
		{B1A8C856-6B9F-411E-8C19-A5A273914805}.Release|x64.Build.0 = Release|Any CPU
		{B1A8C856-6B9F-411E-8C19-A5A273914805}.Release|x86.ActiveCfg = Release|Any CPU
		{B1A8C856-6B9F-411E-8C19-A5A273914805}.Release|x86.Build.0 = Release|Any CPU
		{2AF97774-6E7C-4D9F-8902-2085FB09EFD9}.Ad-Hoc|Any CPU.ActiveCfg = Release|Any CPU
		{2AF97774-6E7C-4D9F-8902-2085FB09EFD9}.Ad-Hoc|Any CPU.Build.0 = Release|Any CPU
		{2AF97774-6E7C-4D9F-8902-2085FB09EFD9}.Ad-Hoc|Any CPU.Deploy.0 = Release|Any CPU
		{2AF97774-6E7C-4D9F-8902-2085FB09EFD9}.Ad-Hoc|ARM.ActiveCfg = Release|Any CPU
		{2AF97774-6E7C-4D9F-8902-2085FB09EFD9}.Ad-Hoc|ARM.Build.0 = Release|Any CPU
		{2AF97774-6E7C-4D9F-8902-2085FB09EFD9}.Ad-Hoc|ARM.Deploy.0 = Release|Any CPU
		{2AF97774-6E7C-4D9F-8902-2085FB09EFD9}.Ad-Hoc|iPhone.ActiveCfg = Release|Any CPU
		{2AF97774-6E7C-4D9F-8902-2085FB09EFD9}.Ad-Hoc|iPhone.Build.0 = Release|Any CPU
		{2AF97774-6E7C-4D9F-8902-2085FB09EFD9}.Ad-Hoc|iPhone.Deploy.0 = Release|Any CPU
		{2AF97774-6E7C-4D9F-8902-2085FB09EFD9}.Ad-Hoc|iPhoneSimulator.ActiveCfg = Release|Any CPU
		{2AF97774-6E7C-4D9F-8902-2085FB09EFD9}.Ad-Hoc|iPhoneSimulator.Build.0 = Release|Any CPU
		{2AF97774-6E7C-4D9F-8902-2085FB09EFD9}.Ad-Hoc|iPhoneSimulator.Deploy.0 = Release|Any CPU
		{2AF97774-6E7C-4D9F-8902-2085FB09EFD9}.Ad-Hoc|x64.ActiveCfg = Release|Any CPU
		{2AF97774-6E7C-4D9F-8902-2085FB09EFD9}.Ad-Hoc|x64.Build.0 = Release|Any CPU
		{2AF97774-6E7C-4D9F-8902-2085FB09EFD9}.Ad-Hoc|x64.Deploy.0 = Release|Any CPU
		{2AF97774-6E7C-4D9F-8902-2085FB09EFD9}.Ad-Hoc|x86.ActiveCfg = Release|Any CPU
		{2AF97774-6E7C-4D9F-8902-2085FB09EFD9}.Ad-Hoc|x86.Build.0 = Release|Any CPU
		{2AF97774-6E7C-4D9F-8902-2085FB09EFD9}.Ad-Hoc|x86.Deploy.0 = Release|Any CPU
		{2AF97774-6E7C-4D9F-8902-2085FB09EFD9}.AppStore|Any CPU.ActiveCfg = Release|Any CPU
		{2AF97774-6E7C-4D9F-8902-2085FB09EFD9}.AppStore|Any CPU.Build.0 = Release|Any CPU
		{2AF97774-6E7C-4D9F-8902-2085FB09EFD9}.AppStore|Any CPU.Deploy.0 = Release|Any CPU
		{2AF97774-6E7C-4D9F-8902-2085FB09EFD9}.AppStore|ARM.ActiveCfg = Release|Any CPU
		{2AF97774-6E7C-4D9F-8902-2085FB09EFD9}.AppStore|ARM.Build.0 = Release|Any CPU
		{2AF97774-6E7C-4D9F-8902-2085FB09EFD9}.AppStore|ARM.Deploy.0 = Release|Any CPU
		{2AF97774-6E7C-4D9F-8902-2085FB09EFD9}.AppStore|iPhone.ActiveCfg = Release|Any CPU
		{2AF97774-6E7C-4D9F-8902-2085FB09EFD9}.AppStore|iPhone.Build.0 = Release|Any CPU
		{2AF97774-6E7C-4D9F-8902-2085FB09EFD9}.AppStore|iPhone.Deploy.0 = Release|Any CPU
		{2AF97774-6E7C-4D9F-8902-2085FB09EFD9}.AppStore|iPhoneSimulator.ActiveCfg = Release|Any CPU
		{2AF97774-6E7C-4D9F-8902-2085FB09EFD9}.AppStore|iPhoneSimulator.Build.0 = Release|Any CPU
		{2AF97774-6E7C-4D9F-8902-2085FB09EFD9}.AppStore|iPhoneSimulator.Deploy.0 = Release|Any CPU
		{2AF97774-6E7C-4D9F-8902-2085FB09EFD9}.AppStore|x64.ActiveCfg = Release|Any CPU
		{2AF97774-6E7C-4D9F-8902-2085FB09EFD9}.AppStore|x64.Build.0 = Release|Any CPU
		{2AF97774-6E7C-4D9F-8902-2085FB09EFD9}.AppStore|x64.Deploy.0 = Release|Any CPU
		{2AF97774-6E7C-4D9F-8902-2085FB09EFD9}.AppStore|x86.ActiveCfg = Release|Any CPU
		{2AF97774-6E7C-4D9F-8902-2085FB09EFD9}.AppStore|x86.Build.0 = Release|Any CPU
		{2AF97774-6E7C-4D9F-8902-2085FB09EFD9}.AppStore|x86.Deploy.0 = Release|Any CPU
		{2AF97774-6E7C-4D9F-8902-2085FB09EFD9}.Debug|Any CPU.ActiveCfg = Debug|Any CPU
		{2AF97774-6E7C-4D9F-8902-2085FB09EFD9}.Debug|Any CPU.Build.0 = Debug|Any CPU
		{2AF97774-6E7C-4D9F-8902-2085FB09EFD9}.Debug|Any CPU.Deploy.0 = Debug|Any CPU
		{2AF97774-6E7C-4D9F-8902-2085FB09EFD9}.Debug|ARM.ActiveCfg = Debug|Any CPU
		{2AF97774-6E7C-4D9F-8902-2085FB09EFD9}.Debug|ARM.Build.0 = Debug|Any CPU
		{2AF97774-6E7C-4D9F-8902-2085FB09EFD9}.Debug|ARM.Deploy.0 = Debug|Any CPU
		{2AF97774-6E7C-4D9F-8902-2085FB09EFD9}.Debug|iPhone.ActiveCfg = Debug|Any CPU
		{2AF97774-6E7C-4D9F-8902-2085FB09EFD9}.Debug|iPhone.Build.0 = Debug|Any CPU
		{2AF97774-6E7C-4D9F-8902-2085FB09EFD9}.Debug|iPhone.Deploy.0 = Debug|Any CPU
		{2AF97774-6E7C-4D9F-8902-2085FB09EFD9}.Debug|iPhoneSimulator.ActiveCfg = Debug|Any CPU
		{2AF97774-6E7C-4D9F-8902-2085FB09EFD9}.Debug|iPhoneSimulator.Build.0 = Debug|Any CPU
		{2AF97774-6E7C-4D9F-8902-2085FB09EFD9}.Debug|iPhoneSimulator.Deploy.0 = Debug|Any CPU
		{2AF97774-6E7C-4D9F-8902-2085FB09EFD9}.Debug|x64.ActiveCfg = Debug|Any CPU
		{2AF97774-6E7C-4D9F-8902-2085FB09EFD9}.Debug|x64.Build.0 = Debug|Any CPU
		{2AF97774-6E7C-4D9F-8902-2085FB09EFD9}.Debug|x64.Deploy.0 = Debug|Any CPU
		{2AF97774-6E7C-4D9F-8902-2085FB09EFD9}.Debug|x86.ActiveCfg = Debug|Any CPU
		{2AF97774-6E7C-4D9F-8902-2085FB09EFD9}.Debug|x86.Build.0 = Debug|Any CPU
		{2AF97774-6E7C-4D9F-8902-2085FB09EFD9}.Debug|x86.Deploy.0 = Debug|Any CPU
		{2AF97774-6E7C-4D9F-8902-2085FB09EFD9}.Release|Any CPU.ActiveCfg = Release|Any CPU
		{2AF97774-6E7C-4D9F-8902-2085FB09EFD9}.Release|Any CPU.Build.0 = Release|Any CPU
		{2AF97774-6E7C-4D9F-8902-2085FB09EFD9}.Release|Any CPU.Deploy.0 = Release|Any CPU
		{2AF97774-6E7C-4D9F-8902-2085FB09EFD9}.Release|ARM.ActiveCfg = Release|Any CPU
		{2AF97774-6E7C-4D9F-8902-2085FB09EFD9}.Release|ARM.Build.0 = Release|Any CPU
		{2AF97774-6E7C-4D9F-8902-2085FB09EFD9}.Release|ARM.Deploy.0 = Release|Any CPU
		{2AF97774-6E7C-4D9F-8902-2085FB09EFD9}.Release|iPhone.ActiveCfg = Release|Any CPU
		{2AF97774-6E7C-4D9F-8902-2085FB09EFD9}.Release|iPhone.Build.0 = Release|Any CPU
		{2AF97774-6E7C-4D9F-8902-2085FB09EFD9}.Release|iPhone.Deploy.0 = Release|Any CPU
		{2AF97774-6E7C-4D9F-8902-2085FB09EFD9}.Release|iPhoneSimulator.ActiveCfg = Release|Any CPU
		{2AF97774-6E7C-4D9F-8902-2085FB09EFD9}.Release|iPhoneSimulator.Build.0 = Release|Any CPU
		{2AF97774-6E7C-4D9F-8902-2085FB09EFD9}.Release|iPhoneSimulator.Deploy.0 = Release|Any CPU
		{2AF97774-6E7C-4D9F-8902-2085FB09EFD9}.Release|x64.ActiveCfg = Release|Any CPU
		{2AF97774-6E7C-4D9F-8902-2085FB09EFD9}.Release|x64.Build.0 = Release|Any CPU
		{2AF97774-6E7C-4D9F-8902-2085FB09EFD9}.Release|x64.Deploy.0 = Release|Any CPU
		{2AF97774-6E7C-4D9F-8902-2085FB09EFD9}.Release|x86.ActiveCfg = Release|Any CPU
		{2AF97774-6E7C-4D9F-8902-2085FB09EFD9}.Release|x86.Build.0 = Release|Any CPU
		{2AF97774-6E7C-4D9F-8902-2085FB09EFD9}.Release|x86.Deploy.0 = Release|Any CPU
		{F197BE13-DFE2-44EF-98B3-1244295CE6AE}.Ad-Hoc|Any CPU.ActiveCfg = Ad-Hoc|iPhone
		{F197BE13-DFE2-44EF-98B3-1244295CE6AE}.Ad-Hoc|ARM.ActiveCfg = Ad-Hoc|iPhone
		{F197BE13-DFE2-44EF-98B3-1244295CE6AE}.Ad-Hoc|iPhone.ActiveCfg = Ad-Hoc|iPhone
		{F197BE13-DFE2-44EF-98B3-1244295CE6AE}.Ad-Hoc|iPhone.Build.0 = Ad-Hoc|iPhone
		{F197BE13-DFE2-44EF-98B3-1244295CE6AE}.Ad-Hoc|iPhoneSimulator.ActiveCfg = Ad-Hoc|iPhoneSimulator
		{F197BE13-DFE2-44EF-98B3-1244295CE6AE}.Ad-Hoc|iPhoneSimulator.Build.0 = Ad-Hoc|iPhoneSimulator
		{F197BE13-DFE2-44EF-98B3-1244295CE6AE}.Ad-Hoc|x64.ActiveCfg = Ad-Hoc|iPhone
		{F197BE13-DFE2-44EF-98B3-1244295CE6AE}.Ad-Hoc|x86.ActiveCfg = Ad-Hoc|iPhone
		{F197BE13-DFE2-44EF-98B3-1244295CE6AE}.AppStore|Any CPU.ActiveCfg = AppStore|iPhone
		{F197BE13-DFE2-44EF-98B3-1244295CE6AE}.AppStore|ARM.ActiveCfg = AppStore|iPhone
		{F197BE13-DFE2-44EF-98B3-1244295CE6AE}.AppStore|iPhone.ActiveCfg = AppStore|iPhone
		{F197BE13-DFE2-44EF-98B3-1244295CE6AE}.AppStore|iPhone.Build.0 = AppStore|iPhone
		{F197BE13-DFE2-44EF-98B3-1244295CE6AE}.AppStore|iPhoneSimulator.ActiveCfg = AppStore|iPhoneSimulator
		{F197BE13-DFE2-44EF-98B3-1244295CE6AE}.AppStore|iPhoneSimulator.Build.0 = AppStore|iPhoneSimulator
		{F197BE13-DFE2-44EF-98B3-1244295CE6AE}.AppStore|x64.ActiveCfg = AppStore|iPhone
		{F197BE13-DFE2-44EF-98B3-1244295CE6AE}.AppStore|x86.ActiveCfg = AppStore|iPhone
		{F197BE13-DFE2-44EF-98B3-1244295CE6AE}.Debug|Any CPU.ActiveCfg = Debug|iPhone
		{F197BE13-DFE2-44EF-98B3-1244295CE6AE}.Debug|ARM.ActiveCfg = Debug|iPhone
		{F197BE13-DFE2-44EF-98B3-1244295CE6AE}.Debug|iPhone.ActiveCfg = Debug|iPhone
		{F197BE13-DFE2-44EF-98B3-1244295CE6AE}.Debug|iPhone.Build.0 = Debug|iPhone
		{F197BE13-DFE2-44EF-98B3-1244295CE6AE}.Debug|iPhoneSimulator.ActiveCfg = Debug|iPhoneSimulator
		{F197BE13-DFE2-44EF-98B3-1244295CE6AE}.Debug|iPhoneSimulator.Build.0 = Debug|iPhoneSimulator
		{F197BE13-DFE2-44EF-98B3-1244295CE6AE}.Debug|x64.ActiveCfg = Debug|iPhone
		{F197BE13-DFE2-44EF-98B3-1244295CE6AE}.Debug|x86.ActiveCfg = Debug|iPhone
		{F197BE13-DFE2-44EF-98B3-1244295CE6AE}.Release|Any CPU.ActiveCfg = Release|iPhone
		{F197BE13-DFE2-44EF-98B3-1244295CE6AE}.Release|ARM.ActiveCfg = Release|iPhone
		{F197BE13-DFE2-44EF-98B3-1244295CE6AE}.Release|iPhone.ActiveCfg = Release|iPhone
		{F197BE13-DFE2-44EF-98B3-1244295CE6AE}.Release|iPhone.Build.0 = Release|iPhone
		{F197BE13-DFE2-44EF-98B3-1244295CE6AE}.Release|iPhoneSimulator.ActiveCfg = Release|iPhoneSimulator
		{F197BE13-DFE2-44EF-98B3-1244295CE6AE}.Release|iPhoneSimulator.Build.0 = Release|iPhoneSimulator
		{F197BE13-DFE2-44EF-98B3-1244295CE6AE}.Release|x64.ActiveCfg = Release|iPhone
		{F197BE13-DFE2-44EF-98B3-1244295CE6AE}.Release|x86.ActiveCfg = Release|iPhone
		{D8DCE152-53D3-4EEF-86FF-72E4A48A4012}.Ad-Hoc|Any CPU.ActiveCfg = Release|x86
		{D8DCE152-53D3-4EEF-86FF-72E4A48A4012}.Ad-Hoc|Any CPU.Build.0 = Release|x86
		{D8DCE152-53D3-4EEF-86FF-72E4A48A4012}.Ad-Hoc|Any CPU.Deploy.0 = Release|x86
		{D8DCE152-53D3-4EEF-86FF-72E4A48A4012}.Ad-Hoc|ARM.ActiveCfg = Release|ARM
		{D8DCE152-53D3-4EEF-86FF-72E4A48A4012}.Ad-Hoc|ARM.Build.0 = Release|ARM
		{D8DCE152-53D3-4EEF-86FF-72E4A48A4012}.Ad-Hoc|ARM.Deploy.0 = Release|ARM
		{D8DCE152-53D3-4EEF-86FF-72E4A48A4012}.Ad-Hoc|iPhone.ActiveCfg = Release|x86
		{D8DCE152-53D3-4EEF-86FF-72E4A48A4012}.Ad-Hoc|iPhone.Build.0 = Release|x86
		{D8DCE152-53D3-4EEF-86FF-72E4A48A4012}.Ad-Hoc|iPhone.Deploy.0 = Release|x86
		{D8DCE152-53D3-4EEF-86FF-72E4A48A4012}.Ad-Hoc|iPhoneSimulator.ActiveCfg = Release|x86
		{D8DCE152-53D3-4EEF-86FF-72E4A48A4012}.Ad-Hoc|iPhoneSimulator.Build.0 = Release|x86
		{D8DCE152-53D3-4EEF-86FF-72E4A48A4012}.Ad-Hoc|iPhoneSimulator.Deploy.0 = Release|x86
		{D8DCE152-53D3-4EEF-86FF-72E4A48A4012}.Ad-Hoc|x64.ActiveCfg = Release|x64
		{D8DCE152-53D3-4EEF-86FF-72E4A48A4012}.Ad-Hoc|x64.Build.0 = Release|x64
		{D8DCE152-53D3-4EEF-86FF-72E4A48A4012}.Ad-Hoc|x64.Deploy.0 = Release|x64
		{D8DCE152-53D3-4EEF-86FF-72E4A48A4012}.Ad-Hoc|x86.ActiveCfg = Release|x86
		{D8DCE152-53D3-4EEF-86FF-72E4A48A4012}.Ad-Hoc|x86.Build.0 = Release|x86
		{D8DCE152-53D3-4EEF-86FF-72E4A48A4012}.Ad-Hoc|x86.Deploy.0 = Release|x86
		{D8DCE152-53D3-4EEF-86FF-72E4A48A4012}.AppStore|Any CPU.ActiveCfg = Release|x86
		{D8DCE152-53D3-4EEF-86FF-72E4A48A4012}.AppStore|Any CPU.Build.0 = Release|x86
		{D8DCE152-53D3-4EEF-86FF-72E4A48A4012}.AppStore|Any CPU.Deploy.0 = Release|x86
		{D8DCE152-53D3-4EEF-86FF-72E4A48A4012}.AppStore|ARM.ActiveCfg = Release|ARM
		{D8DCE152-53D3-4EEF-86FF-72E4A48A4012}.AppStore|ARM.Build.0 = Release|ARM
		{D8DCE152-53D3-4EEF-86FF-72E4A48A4012}.AppStore|ARM.Deploy.0 = Release|ARM
		{D8DCE152-53D3-4EEF-86FF-72E4A48A4012}.AppStore|iPhone.ActiveCfg = Release|x86
		{D8DCE152-53D3-4EEF-86FF-72E4A48A4012}.AppStore|iPhone.Build.0 = Release|x86
		{D8DCE152-53D3-4EEF-86FF-72E4A48A4012}.AppStore|iPhone.Deploy.0 = Release|x86
		{D8DCE152-53D3-4EEF-86FF-72E4A48A4012}.AppStore|iPhoneSimulator.ActiveCfg = Release|x86
		{D8DCE152-53D3-4EEF-86FF-72E4A48A4012}.AppStore|iPhoneSimulator.Build.0 = Release|x86
		{D8DCE152-53D3-4EEF-86FF-72E4A48A4012}.AppStore|iPhoneSimulator.Deploy.0 = Release|x86
		{D8DCE152-53D3-4EEF-86FF-72E4A48A4012}.AppStore|x64.ActiveCfg = Release|x64
		{D8DCE152-53D3-4EEF-86FF-72E4A48A4012}.AppStore|x64.Build.0 = Release|x64
		{D8DCE152-53D3-4EEF-86FF-72E4A48A4012}.AppStore|x64.Deploy.0 = Release|x64
		{D8DCE152-53D3-4EEF-86FF-72E4A48A4012}.AppStore|x86.ActiveCfg = Release|x86
		{D8DCE152-53D3-4EEF-86FF-72E4A48A4012}.AppStore|x86.Build.0 = Release|x86
		{D8DCE152-53D3-4EEF-86FF-72E4A48A4012}.AppStore|x86.Deploy.0 = Release|x86
		{D8DCE152-53D3-4EEF-86FF-72E4A48A4012}.Debug|Any CPU.ActiveCfg = Debug|x86
		{D8DCE152-53D3-4EEF-86FF-72E4A48A4012}.Debug|ARM.ActiveCfg = Debug|ARM
		{D8DCE152-53D3-4EEF-86FF-72E4A48A4012}.Debug|ARM.Build.0 = Debug|ARM
		{D8DCE152-53D3-4EEF-86FF-72E4A48A4012}.Debug|ARM.Deploy.0 = Debug|ARM
		{D8DCE152-53D3-4EEF-86FF-72E4A48A4012}.Debug|iPhone.ActiveCfg = Debug|x86
		{D8DCE152-53D3-4EEF-86FF-72E4A48A4012}.Debug|iPhoneSimulator.ActiveCfg = Debug|x86
		{D8DCE152-53D3-4EEF-86FF-72E4A48A4012}.Debug|x64.ActiveCfg = Debug|x64
		{D8DCE152-53D3-4EEF-86FF-72E4A48A4012}.Debug|x64.Build.0 = Debug|x64
		{D8DCE152-53D3-4EEF-86FF-72E4A48A4012}.Debug|x64.Deploy.0 = Debug|x64
		{D8DCE152-53D3-4EEF-86FF-72E4A48A4012}.Debug|x86.ActiveCfg = Debug|x86
		{D8DCE152-53D3-4EEF-86FF-72E4A48A4012}.Debug|x86.Build.0 = Debug|x86
		{D8DCE152-53D3-4EEF-86FF-72E4A48A4012}.Debug|x86.Deploy.0 = Debug|x86
		{D8DCE152-53D3-4EEF-86FF-72E4A48A4012}.Release|Any CPU.ActiveCfg = Release|x86
		{D8DCE152-53D3-4EEF-86FF-72E4A48A4012}.Release|ARM.ActiveCfg = Release|ARM
		{D8DCE152-53D3-4EEF-86FF-72E4A48A4012}.Release|ARM.Build.0 = Release|ARM
		{D8DCE152-53D3-4EEF-86FF-72E4A48A4012}.Release|ARM.Deploy.0 = Release|ARM
		{D8DCE152-53D3-4EEF-86FF-72E4A48A4012}.Release|iPhone.ActiveCfg = Release|x86
		{D8DCE152-53D3-4EEF-86FF-72E4A48A4012}.Release|iPhoneSimulator.ActiveCfg = Release|x86
		{D8DCE152-53D3-4EEF-86FF-72E4A48A4012}.Release|x64.ActiveCfg = Release|x64
		{D8DCE152-53D3-4EEF-86FF-72E4A48A4012}.Release|x64.Build.0 = Release|x64
		{D8DCE152-53D3-4EEF-86FF-72E4A48A4012}.Release|x64.Deploy.0 = Release|x64
		{D8DCE152-53D3-4EEF-86FF-72E4A48A4012}.Release|x86.ActiveCfg = Release|x86
		{D8DCE152-53D3-4EEF-86FF-72E4A48A4012}.Release|x86.Build.0 = Release|x86
		{D8DCE152-53D3-4EEF-86FF-72E4A48A4012}.Release|x86.Deploy.0 = Release|x86
	EndGlobalSection
	GlobalSection(SolutionProperties) = preSolution
		HideSolutionNode = FALSE
	EndGlobalSection
	GlobalSection(ExtensibilityGlobals) = postSolution
		SolutionGuid = {20189060-E75A-4F98-885D-9422EECD5272}
	EndGlobalSection
EndGlobal
